
Microsoft Visual Studio Solution File, Format Version 12.00
# Visual Studio Version 17
VisualStudioVersion = 17.14.36203.30 d17.14
MinimumVisualStudioVersion = 10.0.40219.1
Project("{FAE04EC0-301F-11D3-BF4B-00C04F79EFBC}") = "RTCVision", "RTCVision\RTCVision.csproj", "{012834AA-C0CB-49AA-8674-9D9F71A27AF6}"
EndProject
Global
	GlobalSection(SolutionConfigurationPlatforms) = preSolution
		Debug|Any CPU = Debug|Any CPU
		Release|Any CPU = Release|Any CPU
	EndGlobalSection
	GlobalSection(ProjectConfigurationPlatforms) = postSolution
		{012834AA-C0CB-49AA-8674-9D9F71A27AF6}.Debug|Any CPU.ActiveCfg = Debug|Any CPU
		{012834AA-C0CB-49AA-8674-9D9F71A27AF6}.Debug|Any CPU.Build.0 = Debug|Any CPU
		{012834AA-C0CB-49AA-8674-9D9F71A27AF6}.Release|Any CPU.ActiveCfg = Release|Any CPU
		{012834AA-C0CB-49AA-8674-9D9F71A27AF6}.Release|Any CPU.Build.0 = Release|Any CPU
	EndGlobalSection
	GlobalSection(SolutionProperties) = preSolution
		HideSolutionNode = FALSE
	EndGlobalSection
	GlobalSection(ExtensibilityGlobals) = postSolution
		SolutionGuid = {4F6F09E7-60ED-4A4D-A9CB-37AB176ADE2D}
	EndGlobalSection
EndGlobal
